
Microsoft Visual Studio Solution File, Format Version 12.00
# Visual Studio Version 17
VisualStudioVersion = 17.4.33122.133
MinimumVisualStudioVersion = 10.0.40219.1
Project("{FAE04EC0-301F-11D3-BF4B-00C04F79EFBC}") = "ShoppingList", "ShoppingList\ShoppingList.csproj", "{0C7718A2-7578-4A82-AC6C-EE7184F04FC7}"
EndProject
Global
	GlobalSection(SolutionConfigurationPlatforms) = preSolution
		Debug|Any CPU = Debug|Any CPU
		Release|Any CPU = Release|Any CPU
	EndGlobalSection
	GlobalSection(ProjectConfigurationPlatforms) = postSolution
		{0C7718A2-7578-4A82-AC6C-EE7184F04FC7}.Debug|Any CPU.ActiveCfg = Debug|Any CPU
		{0C7718A2-7578-4A82-AC6C-EE7184F04FC7}.Debug|Any CPU.Build.0 = Debug|Any CPU
		{0C7718A2-7578-4A82-AC6C-EE7184F04FC7}.Release|Any CPU.ActiveCfg = Release|Any CPU
		{0C7718A2-7578-4A82-AC6C-EE7184F04FC7}.Release|Any CPU.Build.0 = Release|Any CPU
	EndGlobalSection
	GlobalSection(SolutionProperties) = preSolution
		HideSolutionNode = FALSE
	EndGlobalSection
	GlobalSection(ExtensibilityGlobals) = postSolution
		SolutionGuid = {3EA2CE82-61DE-440E-8AAC-307CB7403630}
	EndGlobalSection
EndGlobal
